
Microsoft Visual Studio Solution File, Format Version 12.00
# Visual Studio Version 16
VisualStudioVersion = 16.0.31025.194
MinimumVisualStudioVersion = 10.0.40219.1
Project("{FAE04EC0-301F-11D3-BF4B-00C04F79EFBC}") = "Cadastro1", "Cadastro1.csproj", "{01A5E49C-6AC9-49F6-8313-8E673C0331CE}"
EndProject
Global
	GlobalSection(SolutionConfigurationPlatforms) = preSolution
		Debug|Any CPU = Debug|Any CPU
		Release|Any CPU = Release|Any CPU
	EndGlobalSection
	GlobalSection(ProjectConfigurationPlatforms) = postSolution
		{01A5E49C-6AC9-49F6-8313-8E673C0331CE}.Debug|Any CPU.ActiveCfg = Debug|Any CPU
		{01A5E49C-6AC9-49F6-8313-8E673C0331CE}.Debug|Any CPU.Build.0 = Debug|Any CPU
		{01A5E49C-6AC9-49F6-8313-8E673C0331CE}.Release|Any CPU.ActiveCfg = Release|Any CPU
		{01A5E49C-6AC9-49F6-8313-8E673C0331CE}.Release|Any CPU.Build.0 = Release|Any CPU
	EndGlobalSection
	GlobalSection(SolutionProperties) = preSolution
		HideSolutionNode = FALSE
	EndGlobalSection
	GlobalSection(ExtensibilityGlobals) = postSolution
		SolutionGuid = {D92A20BF-DF2D-4E00-BB81-3EF00A4BA0CC}
	EndGlobalSection
EndGlobal
